// !$*UTF8*$!
{
	archiveVersion = 1;
	classes = {
	};
	objectVersion = 46;
	objects = {

/* Begin PBXBuildFile section */
		F02517B11C007EE4005ADEE2 /* UIView+XMGExtension.m in Sources */ = {isa = PBXBuildFile; fileRef = F02517B01C007EE4005ADEE2 /* UIView+XMGExtension.m */; };
		F05A36AF1BF9DF6000E10426 /* main.m in Sources */ = {isa = PBXBuildFile; fileRef = F05A36AE1BF9DF6000E10426 /* main.m */; };
		F05A36C81BF9DF6000E10426 /* TomatoTimerTests.m in Sources */ = {isa = PBXBuildFile; fileRef = F05A36C71BF9DF6000E10426 /* TomatoTimerTests.m */; };
		F05A36D31BF9DF6000E10426 /* TomatoTimerUITests.m in Sources */ = {isa = PBXBuildFile; fileRef = F05A36D21BF9DF6000E10426 /* TomatoTimerUITests.m */; };
		F05A36EC1BF9E1CE00E10426 /* AppDelegate.m in Sources */ = {isa = PBXBuildFile; fileRef = F05A36E21BF9E1CE00E10426 /* AppDelegate.m */; };
		F05A36ED1BF9E1CE00E10426 /* Assets.xcassets in Resources */ = {isa = PBXBuildFile; fileRef = F05A36E41BF9E1CE00E10426 /* Assets.xcassets */; };
		F05A36EE1BF9E1CE00E10426 /* LaunchScreen.storyboard in Resources */ = {isa = PBXBuildFile; fileRef = F05A36E51BF9E1CE00E10426 /* LaunchScreen.storyboard */; };
		F05A36EF1BF9E1CE00E10426 /* Main.storyboard in Resources */ = {isa = PBXBuildFile; fileRef = F05A36E71BF9E1CE00E10426 /* Main.storyboard */; };
		F05A36F01BF9E1CE00E10426 /* MZTimerLabel.m in Sources */ = {isa = PBXBuildFile; fileRef = F05A36EB1BF9E1CE00E10426 /* MZTimerLabel.m */; };
		F08CD4C11C0440ED0039965F /* ZXLoadViewController.m in Sources */ = {isa = PBXBuildFile; fileRef = F08CD4C01C0440ED0039965F /* ZXLoadViewController.m */; };
		F0BA53D21BFAF96A0033FA3A /* ZXTimerViewController.m in Sources */ = {isa = PBXBuildFile; fileRef = F0BA53D11BFAF96A0033FA3A /* ZXTimerViewController.m */; };
/* End PBXBuildFile section */

/* Begin PBXContainerItemProxy section */
		F05A36C41BF9DF6000E10426 /* PBXContainerItemProxy */ = {
			isa = PBXContainerItemProxy;
			containerPortal = F05A36A21BF9DF6000E10426 /* Project object */;
			proxyType = 1;
			remoteGlobalIDString = F05A36A91BF9DF6000E10426;
			remoteInfo = TomatoTimer;
		};
		F05A36CF1BF9DF6000E10426 /* PBXContainerItemProxy */ = {
			isa = PBXContainerItemProxy;
			containerPortal = F05A36A21BF9DF6000E10426 /* Project object */;
			proxyType = 1;
			remoteGlobalIDString = F05A36A91BF9DF6000E10426;
			remoteInfo = TomatoTimer;
		};
/* End PBXContainerItemProxy section */

/* Begin PBXFileReference section */
		F02517AF1C007EE4005ADEE2 /* UIView+XMGExtension.h */ = {isa = PBXFileReference; fileEncoding = 4; lastKnownFileType = sourcecode.c.h; path = "UIView+XMGExtension.h"; sourceTree = "<group>"; };
		F02517B01C007EE4005ADEE2 /* UIView+XMGExtension.m */ = {isa = PBXFileReference; fileEncoding = 4; lastKnownFileType = sourcecode.c.objc; path = "UIView+XMGExtension.m"; sourceTree = "<group>"; };
		F05A36AA1BF9DF6000E10426 /* TomatoTimer.app */ = {isa = PBXFileReference; explicitFileType = wrapper.application; includeInIndex = 0; path = TomatoTimer.app; sourceTree = BUILT_PRODUCTS_DIR; };
		F05A36AE1BF9DF6000E10426 /* main.m */ = {isa = PBXFileReference; lastKnownFileType = sourcecode.c.objc; path = main.m; sourceTree = "<group>"; };
		F05A36BE1BF9DF6000E10426 /* Info.plist */ = {isa = PBXFileReference; lastKnownFileType = text.plist.xml; path = Info.plist; sourceTree = "<group>"; };
		F05A36C31BF9DF6000E10426 /* TomatoTimerTests.xctest */ = {isa = PBXFileReference; explicitFileType = wrapper.cfbundle; includeInIndex = 0; path = TomatoTimerTests.xctest; sourceTree = BUILT_PRODUCTS_DIR; };
		F05A36C71BF9DF6000E10426 /* TomatoTimerTests.m */ = {isa = PBXFileReference; lastKnownFileType = sourcecode.c.objc; path = TomatoTimerTests.m; sourceTree = "<group>"; };
		F05A36C91BF9DF6000E10426 /* Info.plist */ = {isa = PBXFileReference; lastKnownFileType = text.plist.xml; path = Info.plist; sourceTree = "<group>"; };
		F05A36CE1BF9DF6000E10426 /* TomatoTimerUITests.xctest */ = {isa = PBXFileReference; explicitFileType = wrapper.cfbundle; includeInIndex = 0; path = TomatoTimerUITests.xctest; sourceTree = BUILT_PRODUCTS_DIR; };
		F05A36D21BF9DF6000E10426 /* TomatoTimerUITests.m */ = {isa = PBXFileReference; lastKnownFileType = sourcecode.c.objc; path = TomatoTimerUITests.m; sourceTree = "<group>"; };
		F05A36D41BF9DF6000E10426 /* Info.plist */ = {isa = PBXFileReference; lastKnownFileType = text.plist.xml; path = Info.plist; sourceTree = "<group>"; };
		F05A36E11BF9E1CE00E10426 /* AppDelegate.h */ = {isa = PBXFileReference; fileEncoding = 4; lastKnownFileType = sourcecode.c.h; path = AppDelegate.h; sourceTree = "<group>"; };
		F05A36E21BF9E1CE00E10426 /* AppDelegate.m */ = {isa = PBXFileReference; fileEncoding = 4; lastKnownFileType = sourcecode.c.objc; path = AppDelegate.m; sourceTree = "<group>"; };
		F05A36E41BF9E1CE00E10426 /* Assets.xcassets */ = {isa = PBXFileReference; lastKnownFileType = folder.assetcatalog; path = Assets.xcassets; sourceTree = "<group>"; };
		F05A36E61BF9E1CE00E10426 /* Base */ = {isa = PBXFileReference; lastKnownFileType = file.storyboard; name = Base; path = Base.lproj/LaunchScreen.storyboard; sourceTree = "<group>"; };
		F05A36E81BF9E1CE00E10426 /* Base */ = {isa = PBXFileReference; lastKnownFileType = file.storyboard; name = Base; path = Base.lproj/Main.storyboard; sourceTree = "<group>"; };
		F05A36EA1BF9E1CE00E10426 /* MZTimerLabel.h */ = {isa = PBXFileReference; fileEncoding = 4; lastKnownFileType = sourcecode.c.h; path = MZTimerLabel.h; sourceTree = "<group>"; };
		F05A36EB1BF9E1CE00E10426 /* MZTimerLabel.m */ = {isa = PBXFileReference; fileEncoding = 4; lastKnownFileType = sourcecode.c.objc; path = MZTimerLabel.m; sourceTree = "<group>"; };
		F08CD4BF1C0440ED0039965F /* ZXLoadViewController.h */ = {isa = PBXFileReference; fileEncoding = 4; lastKnownFileType = sourcecode.c.h; path = ZXLoadViewController.h; sourceTree = "<group>"; };
		F08CD4C01C0440ED0039965F /* ZXLoadViewController.m */ = {isa = PBXFileReference; fileEncoding = 4; lastKnownFileType = sourcecode.c.objc; path = ZXLoadViewController.m; sourceTree = "<group>"; };
		F0BA53D01BFAF96A0033FA3A /* ZXTimerViewController.h */ = {isa = PBXFileReference; fileEncoding = 4; lastKnownFileType = sourcecode.c.h; path = ZXTimerViewController.h; sourceTree = "<group>"; };
		F0BA53D11BFAF96A0033FA3A /* ZXTimerViewController.m */ = {isa = PBXFileReference; fileEncoding = 4; lastKnownFileType = sourcecode.c.objc; path = ZXTimerViewController.m; sourceTree = "<group>"; };
/* End PBXFileReference section */

/* Begin PBXFrameworksBuildPhase section */
		F05A36A71BF9DF6000E10426 /* Frameworks */ = {
			isa = PBXFrameworksBuildPhase;
			buildActionMask = 2147483647;
			files = (
			);
			runOnlyForDeploymentPostprocessing = 0;
		};
		F05A36C01BF9DF6000E10426 /* Frameworks */ = {
			isa = PBXFrameworksBuildPhase;
			buildActionMask = 2147483647;
			files = (
			);
			runOnlyForDeploymentPostprocessing = 0;
		};
		F05A36CB1BF9DF6000E10426 /* Frameworks */ = {
			isa = PBXFrameworksBuildPhase;
			buildActionMask = 2147483647;
			files = (
			);
			runOnlyForDeploymentPostprocessing = 0;
		};
/* End PBXFrameworksBuildPhase section */

/* Begin PBXGroup section */
		F05A36A11BF9DF6000E10426 = {
			isa = PBXGroup;
			children = (
				F05A36AC1BF9DF6000E10426 /* TomatoTimer */,
				F05A36C61BF9DF6000E10426 /* TomatoTimerTests */,
				F05A36D11BF9DF6000E10426 /* TomatoTimerUITests */,
				F05A36AB1BF9DF6000E10426 /* Products */,
			);
			sourceTree = "<group>";
		};
		F05A36AB1BF9DF6000E10426 /* Products */ = {
			isa = PBXGroup;
			children = (
				F05A36AA1BF9DF6000E10426 /* TomatoTimer.app */,
				F05A36C31BF9DF6000E10426 /* TomatoTimerTests.xctest */,
				F05A36CE1BF9DF6000E10426 /* TomatoTimerUITests.xctest */,
			);
			name = Products;
			sourceTree = "<group>";
		};
		F05A36AC1BF9DF6000E10426 /* TomatoTimer */ = {
			isa = PBXGroup;
			children = (
				F05A36E01BF9E1CE00E10426 /* Classes */,
				F05A36E91BF9E1CE00E10426 /* Vender */,
				F05A36E31BF9E1CE00E10426 /* Resources */,
			);
			path = TomatoTimer;
			sourceTree = "<group>";
		};
		F05A36AD1BF9DF6000E10426 /* Supporting Files */ = {
			isa = PBXGroup;
			children = (
				F05A36AE1BF9DF6000E10426 /* main.m */,
				F05A36BE1BF9DF6000E10426 /* Info.plist */,
			);
			name = "Supporting Files";
			path = ..;
			sourceTree = "<group>";
		};
		F05A36C61BF9DF6000E10426 /* TomatoTimerTests */ = {
			isa = PBXGroup;
			children = (
				F05A36C71BF9DF6000E10426 /* TomatoTimerTests.m */,
				F05A36C91BF9DF6000E10426 /* Info.plist */,
			);
			path = TomatoTimerTests;
			sourceTree = "<group>";
		};
		F05A36D11BF9DF6000E10426 /* TomatoTimerUITests */ = {
			isa = PBXGroup;
			children = (
				F05A36D21BF9DF6000E10426 /* TomatoTimerUITests.m */,
				F05A36D41BF9DF6000E10426 /* Info.plist */,
			);
			path = TomatoTimerUITests;
			sourceTree = "<group>";
		};
		F05A36E01BF9E1CE00E10426 /* Classes */ = {
			isa = PBXGroup;
			children = (
				F05A36E11BF9E1CE00E10426 /* AppDelegate.h */,
				F05A36E21BF9E1CE00E10426 /* AppDelegate.m */,
				F08CD4BF1C0440ED0039965F /* ZXLoadViewController.h */,
				F08CD4C01C0440ED0039965F /* ZXLoadViewController.m */,
				F0BA53D01BFAF96A0033FA3A /* ZXTimerViewController.h */,
				F0BA53D11BFAF96A0033FA3A /* ZXTimerViewController.m */,
				F02517AF1C007EE4005ADEE2 /* UIView+XMGExtension.h */,
				F02517B01C007EE4005ADEE2 /* UIView+XMGExtension.m */,
			);
			path = Classes;
			sourceTree = "<group>";
		};
		F05A36E31BF9E1CE00E10426 /* Resources */ = {
			isa = PBXGroup;
			children = (
				F05A36AD1BF9DF6000E10426 /* Supporting Files */,
				F05A36E41BF9E1CE00E10426 /* Assets.xcassets */,
				F05A36E51BF9E1CE00E10426 /* LaunchScreen.storyboard */,
				F05A36E71BF9E1CE00E10426 /* Main.storyboard */,
			);
			path = Resources;
			sourceTree = "<group>";
		};
		F05A36E91BF9E1CE00E10426 /* Vender */ = {
			isa = PBXGroup;
			children = (
				F05A36EA1BF9E1CE00E10426 /* MZTimerLabel.h */,
				F05A36EB1BF9E1CE00E10426 /* MZTimerLabel.m */,
			);
			path = Vender;
			sourceTree = "<group>";
		};
/* End PBXGroup section */

/* Begin PBXNativeTarget section */
		F05A36A91BF9DF6000E10426 /* TomatoTimer */ = {
			isa = PBXNativeTarget;
			buildConfigurationList = F05A36D71BF9DF6000E10426 /* Build configuration list for PBXNativeTarget "TomatoTimer" */;
			buildPhases = (
				F05A36A61BF9DF6000E10426 /* Sources */,
				F05A36A71BF9DF6000E10426 /* Frameworks */,
				F05A36A81BF9DF6000E10426 /* Resources */,
			);
			buildRules = (
			);
			dependencies = (
			);
			name = TomatoTimer;
			productName = TomatoTimer;
			productReference = F05A36AA1BF9DF6000E10426 /* TomatoTimer.app */;
			productType = "com.apple.product-type.application";
		};
		F05A36C21BF9DF6000E10426 /* TomatoTimerTests */ = {
			isa = PBXNativeTarget;
			buildConfigurationList = F05A36DA1BF9DF6000E10426 /* Build configuration list for PBXNativeTarget "TomatoTimerTests" */;
			buildPhases = (
				F05A36BF1BF9DF6000E10426 /* Sources */,
				F05A36C01BF9DF6000E10426 /* Frameworks */,
				F05A36C11BF9DF6000E10426 /* Resources */,
			);
			buildRules = (
			);
			dependencies = (
				F05A36C51BF9DF6000E10426 /* PBXTargetDependency */,
			);
			name = TomatoTimerTests;
			productName = TomatoTimerTests;
			productReference = F05A36C31BF9DF6000E10426 /* TomatoTimerTests.xctest */;
			productType = "com.apple.product-type.bundle.unit-test";
		};
		F05A36CD1BF9DF6000E10426 /* TomatoTimerUITests */ = {
			isa = PBXNativeTarget;
			buildConfigurationList = F05A36DD1BF9DF6000E10426 /* Build configuration list for PBXNativeTarget "TomatoTimerUITests" */;
			buildPhases = (
				F05A36CA1BF9DF6000E10426 /* Sources */,
				F05A36CB1BF9DF6000E10426 /* Frameworks */,
				F05A36CC1BF9DF6000E10426 /* Resources */,
			);
			buildRules = (
			);
			dependencies = (
				F05A36D01BF9DF6000E10426 /* PBXTargetDependency */,
			);
			name = TomatoTimerUITests;
			productName = TomatoTimerUITests;
			productReference = F05A36CE1BF9DF6000E10426 /* TomatoTimerUITests.xctest */;
			productType = "com.apple.product-type.bundle.ui-testing";
		};
/* End PBXNativeTarget section */

/* Begin PBXProject section */
		F05A36A21BF9DF6000E10426 /* Project object */ = {
			isa = PBXProject;
			attributes = {
				CLASSPREFIX = ZX;
				LastUpgradeCheck = 0710;
				ORGANIZATIONNAME = "微加科技";
				TargetAttributes = {
					F05A36A91BF9DF6000E10426 = {
						CreatedOnToolsVersion = 7.1;
					};
					F05A36C21BF9DF6000E10426 = {
						CreatedOnToolsVersion = 7.1;
						TestTargetID = F05A36A91BF9DF6000E10426;
					};
					F05A36CD1BF9DF6000E10426 = {
						CreatedOnToolsVersion = 7.1;
						TestTargetID = F05A36A91BF9DF6000E10426;
					};
				};
			};
			buildConfigurationList = F05A36A51BF9DF6000E10426 /* Build configuration list for PBXProject "TomatoTimer" */;
			compatibilityVersion = "Xcode 3.2";
			developmentRegion = English;
			hasScannedForEncodings = 0;
			knownRegions = (
				en,
				Base,
			);
			mainGroup = F05A36A11BF9DF6000E10426;
			productRefGroup = F05A36AB1BF9DF6000E10426 /* Products */;
			projectDirPath = "";
			projectRoot = "";
			targets = (
				F05A36A91BF9DF6000E10426 /* TomatoTimer */,
				F05A36C21BF9DF6000E10426 /* TomatoTimerTests */,
				F05A36CD1BF9DF6000E10426 /* TomatoTimerUITests */,
			);
		};
/* End PBXProject section */

/* Begin PBXResourcesBuildPhase section */
		F05A36A81BF9DF6000E10426 /* Resources */ = {
			isa = PBXResourcesBuildPhase;
			buildActionMask = 2147483647;
			files = (
				F05A36ED1BF9E1CE00E10426 /* Assets.xcassets in Resources */,
				F05A36EF1BF9E1CE00E10426 /* Main.storyboard in Resources */,
				F05A36EE1BF9E1CE00E10426 /* LaunchScreen.storyboard in Resources */,
			);
			runOnlyForDeploymentPostprocessing = 0;
		};
		F05A36C11BF9DF6000E10426 /* Resources */ = {
			isa = PBXResourcesBuildPhase;
			buildActionMask = 2147483647;
			files = (
			);
			runOnlyForDeploymentPostprocessing = 0;
		};
		F05A36CC1BF9DF6000E10426 /* Resources */ = {
			isa = PBXResourcesBuildPhase;
			buildActionMask = 2147483647;
			files = (
			);
			runOnlyForDeploymentPostprocessing = 0;
		};
/* End PBXResourcesBuildPhase section */

/* Begin PBXSourcesBuildPhase section */
		F05A36A61BF9DF6000E10426 /* Sources */ = {
			isa = PBXSourcesBuildPhase;
			buildActionMask = 2147483647;
			files = (
				F08CD4C11C0440ED0039965F /* ZXLoadViewController.m in Sources */,
				F0BA53D21BFAF96A0033FA3A /* ZXTimerViewController.m in Sources */,
				F02517B11C007EE4005ADEE2 /* UIView+XMGExtension.m in Sources */,
				F05A36F01BF9E1CE00E10426 /* MZTimerLabel.m in Sources */,
				F05A36EC1BF9E1CE00E10426 /* AppDelegate.m in Sources */,
				F05A36AF1BF9DF6000E10426 /* main.m in Sources */,
			);
			runOnlyForDeploymentPostprocessing = 0;
		};
		F05A36BF1BF9DF6000E10426 /* Sources */ = {
			isa = PBXSourcesBuildPhase;
			buildActionMask = 2147483647;
			files = (
				F05A36C81BF9DF6000E10426 /* TomatoTimerTests.m in Sources */,
			);
			runOnlyForDeploymentPostprocessing = 0;
		};
		F05A36CA1BF9DF6000E10426 /* Sources */ = {
			isa = PBXSourcesBuildPhase;
			buildActionMask = 2147483647;
			files = (
				F05A36D31BF9DF6000E10426 /* TomatoTimerUITests.m in Sources */,
			);
			runOnlyForDeploymentPostprocessing = 0;
		};
/* End PBXSourcesBuildPhase section */

/* Begin PBXTargetDependency section */
		F05A36C51BF9DF6000E10426 /* PBXTargetDependency */ = {
			isa = PBXTargetDependency;
			target = F05A36A91BF9DF6000E10426 /* TomatoTimer */;
			targetProxy = F05A36C41BF9DF6000E10426 /* PBXContainerItemProxy */;
		};
		F05A36D01BF9DF6000E10426 /* PBXTargetDependency */ = {
			isa = PBXTargetDependency;
			target = F05A36A91BF9DF6000E10426 /* TomatoTimer */;
			targetProxy = F05A36CF1BF9DF6000E10426 /* PBXContainerItemProxy */;
		};
/* End PBXTargetDependency section */

/* Begin PBXVariantGroup section */
		F05A36E51BF9E1CE00E10426 /* LaunchScreen.storyboard */ = {
			isa = PBXVariantGroup;
			children = (
				F05A36E61BF9E1CE00E10426 /* Base */,
			);
			name = LaunchScreen.storyboard;
			sourceTree = "<group>";
		};
		F05A36E71BF9E1CE00E10426 /* Main.storyboard */ = {
			isa = PBXVariantGroup;
			children = (
				F05A36E81BF9E1CE00E10426 /* Base */,
			);
			name = Main.storyboard;
			sourceTree = "<group>";
		};
/* End PBXVariantGroup section */

/* Begin XCBuildConfiguration section */
		F05A36D51BF9DF6000E10426 /* Debug */ = {
			isa = XCBuildConfiguration;
			buildSettings = {
				ALWAYS_SEARCH_USER_PATHS = NO;
				CLANG_CXX_LANGUAGE_STANDARD = "gnu++0x";
				CLANG_CXX_LIBRARY = "libc++";
				CLANG_ENABLE_MODULES = YES;
				CLANG_ENABLE_OBJC_ARC = YES;
				CLANG_WARN_BOOL_CONVERSION = YES;
				CLANG_WARN_CONSTANT_CONVERSION = YES;
				CLANG_WARN_DIRECT_OBJC_ISA_USAGE = YES_ERROR;
				CLANG_WARN_EMPTY_BODY = YES;
				CLANG_WARN_ENUM_CONVERSION = YES;
				CLANG_WARN_INT_CONVERSION = YES;
				CLANG_WARN_OBJC_ROOT_CLASS = YES_ERROR;
				CLANG_WARN_UNREACHABLE_CODE = YES;
				CLANG_WARN__DUPLICATE_METHOD_MATCH = YES;
				"CODE_SIGN_IDENTITY[sdk=iphoneos*]" = "iPhone Developer";
				COPY_PHASE_STRIP = NO;
				DEBUG_INFORMATION_FORMAT = dwarf;
				ENABLE_STRICT_OBJC_MSGSEND = YES;
				ENABLE_TESTABILITY = YES;
				GCC_C_LANGUAGE_STANDARD = gnu99;
				GCC_DYNAMIC_NO_PIC = NO;
				GCC_NO_COMMON_BLOCKS = YES;
				GCC_OPTIMIZATION_LEVEL = 0;
				GCC_PREPROCESSOR_DEFINITIONS = (
					"DEBUG=1",
					"$(inherited)",
				);
				GCC_WARN_64_TO_32_BIT_CONVERSION = YES;
				GCC_WARN_ABOUT_RETURN_TYPE = YES_ERROR;
				GCC_WARN_UNDECLARED_SELECTOR = YES;
				GCC_WARN_UNINITIALIZED_AUTOS = YES_AGGRESSIVE;
				GCC_WARN_UNUSED_FUNCTION = YES;
				GCC_WARN_UNUSED_VARIABLE = YES;
				IPHONEOS_DEPLOYMENT_TARGET = 9.1;
				MTL_ENABLE_DEBUG_INFO = YES;
				ONLY_ACTIVE_ARCH = YES;
				SDKROOT = iphoneos;
			};
			name = Debug;
		};
		F05A36D61BF9DF6000E10426 /* Release */ = {
			isa = XCBuildConfiguration;
			buildSettings = {
				ALWAYS_SEARCH_USER_PATHS = NO;
				CLANG_CXX_LANGUAGE_STANDARD = "gnu++0x";
				CLANG_CXX_LIBRARY = "libc++";
				CLANG_ENABLE_MODULES = YES;
				CLANG_ENABLE_OBJC_ARC = YES;
				CLANG_WARN_BOOL_CONVERSION = YES;
				CLANG_WARN_CONSTANT_CONVERSION = YES;
				CLANG_WARN_DIRECT_OBJC_ISA_USAGE = YES_ERROR;
				CLANG_WARN_EMPTY_BODY = YES;
				CLANG_WARN_ENUM_CONVERSION = YES;
				CLANG_WARN_INT_CONVERSION = YES;
				CLANG_WARN_OBJC_ROOT_CLASS = YES_ERROR;
				CLANG_WARN_UNREACHABLE_CODE = YES;
				CLANG_WARN__DUPLICATE_METHOD_MATCH = YES;
				"CODE_SIGN_IDENTITY[sdk=iphoneos*]" = "iPhone Developer";
				COPY_PHASE_STRIP = NO;
				DEBUG_INFORMATION_FORMAT = "dwarf-with-dsym";
				ENABLE_NS_ASSERTIONS = NO;
				ENABLE_STRICT_OBJC_MSGSEND = YES;
				GCC_C_LANGUAGE_STANDARD = gnu99;
				GCC_NO_COMMON_BLOCKS = YES;
				GCC_WARN_64_TO_32_BIT_CONVERSION = YES;
				GCC_WARN_ABOUT_RETURN_TYPE = YES_ERROR;
				GCC_WARN_UNDECLARED_SELECTOR = YES;
				GCC_WARN_UNINITIALIZED_AUTOS = YES_AGGRESSIVE;
				GCC_WARN_UNUSED_FUNCTION = YES;
				GCC_WARN_UNUSED_VARIABLE = YES;
				IPHONEOS_DEPLOYMENT_TARGET = 9.1;
				MTL_ENABLE_DEBUG_INFO = NO;
				SDKROOT = iphoneos;
				VALIDATE_PRODUCT = YES;
			};
			name = Release;
		};
		F05A36D81BF9DF6000E10426 /* Debug */ = {
			isa = XCBuildConfiguration;
			buildSettings = {
				ASSETCATALOG_COMPILER_APPICON_NAME = AppIcon;
				INFOPLIST_FILE = TomatoTimer/Info.plist;
				IPHONEOS_DEPLOYMENT_TARGET = 7.1;
				LD_RUNPATH_SEARCH_PATHS = "$(inherited) @executable_path/Frameworks";
				PRODUCT_BUNDLE_IDENTIFIER = cn.weplus.TomatoTimer;
				PRODUCT_NAME = "$(TARGET_NAME)";
			};
			name = Debug;
		};
		F05A36D91BF9DF6000E10426 /* Release */ = {
			isa = XCBuildConfiguration;
			buildSettings = {
				ASSETCATALOG_COMPILER_APPICON_NAME = AppIcon;
				INFOPLIST_FILE = TomatoTimer/Info.plist;
				IPHONEOS_DEPLOYMENT_TARGET = 7.1;
				LD_RUNPATH_SEARCH_PATHS = "$(inherited) @executable_path/Frameworks";
				PRODUCT_BUNDLE_IDENTIFIER = cn.weplus.TomatoTimer;
				PRODUCT_NAME = "$(TARGET_NAME)";
			};
			name = Release;
		};
		F05A36DB1BF9DF6000E10426 /* Debug */ = {
			isa = XCBuildConfiguration;
			buildSettings = {
				BUNDLE_LOADER = "$(TEST_HOST)";
				INFOPLIST_FILE = TomatoTimerTests/Info.plist;
				LD_RUNPATH_SEARCH_PATHS = "$(inherited) @executable_path/Frameworks @loader_path/Frameworks";
				PRODUCT_BUNDLE_IDENTIFIER = cn.weplus.TomatoTimerTests;
				PRODUCT_NAME = "$(TARGET_NAME)";
				TEST_HOST = "$(BUILT_PRODUCTS_DIR)/TomatoTimer.app/TomatoTimer";
			};
			name = Debug;
		};
		F05A36DC1BF9DF6000E10426 /* Release */ = {
			isa = XCBuildConfiguration;
			buildSettings = {
				BUNDLE_LOADER = "$(TEST_HOST)";
				INFOPLIST_FILE = TomatoTimerTests/Info.plist;
				LD_RUNPATH_SEARCH_PATHS = "$(inherited) @executable_path/Frameworks @loader_path/Frameworks";
				PRODUCT_BUNDLE_IDENTIFIER = cn.weplus.TomatoTimerTests;
				PRODUCT_NAME = "$(TARGET_NAME)";
				TEST_HOST = "$(BUILT_PRODUCTS_DIR)/TomatoTimer.app/TomatoTimer";
			};
			name = Release;
		};
		F05A36DE1BF9DF6000E10426 /* Debug */ = {
			isa = XCBuildConfiguration;
			buildSettings = {
				INFOPLIST_FILE = TomatoTimerUITests/Info.plist;
				LD_RUNPATH_SEARCH_PATHS = "$(inherited) @executable_path/Frameworks @loader_path/Frameworks";
				PRODUCT_BUNDLE_IDENTIFIER = cn.weplus.TomatoTimerUITests;
				PRODUCT_NAME = "$(TARGET_NAME)";
				TEST_TARGET_NAME = TomatoTimer;
				USES_XCTRUNNER = YES;
			};
			name = Debug;
		};
		F05A36DF1BF9DF6000E10426 /* Release */ = {
			isa = XCBuildConfiguration;
			buildSettings = {
				INFOPLIST_FILE = TomatoTimerUITests/Info.plist;
				LD_RUNPATH_SEARCH_PATHS = "$(inherited) @executable_path/Frameworks @loader_path/Frameworks";
				PRODUCT_BUNDLE_IDENTIFIER = cn.weplus.TomatoTimerUITests;
				PRODUCT_NAME = "$(TARGET_NAME)";
				TEST_TARGET_NAME = TomatoTimer;
				USES_XCTRUNNER = YES;
			};
			name = Release;
		};
/* End XCBuildConfiguration section */

/* Begin XCConfigurationList section */
		F05A36A51BF9DF6000E10426 /* Build configuration list for PBXProject "TomatoTimer" */ = {
			isa = XCConfigurationList;
			buildConfigurations = (
				F05A36D51BF9DF6000E10426 /* Debug */,
				F05A36D61BF9DF6000E10426 /* Release */,
			);
			defaultConfigurationIsVisible = 0;
			defaultConfigurationName = Release;
		};
		F05A36D71BF9DF6000E10426 /* Build configuration list for PBXNativeTarget "TomatoTimer" */ = {
			isa = XCConfigurationList;
			buildConfigurations = (
				F05A36D81BF9DF6000E10426 /* Debug */,
				F05A36D91BF9DF6000E10426 /* Release */,
			);
			defaultConfigurationIsVisible = 0;
			defaultConfigurationName = Release;
		};
		F05A36DA1BF9DF6000E10426 /* Build configuration list for PBXNativeTarget "TomatoTimerTests" */ = {
			isa = XCConfigurationList;
			buildConfigurations = (
				F05A36DB1BF9DF6000E10426 /* Debug */,
				F05A36DC1BF9DF6000E10426 /* Release */,
			);
			defaultConfigurationIsVisible = 0;
			defaultConfigurationName = Release;
		};
		F05A36DD1BF9DF6000E10426 /* Build configuration list for PBXNativeTarget "TomatoTimerUITests" */ = {
			isa = XCConfigurationList;
			buildConfigurations = (
				F05A36DE1BF9DF6000E10426 /* Debug */,
				F05A36DF1BF9DF6000E10426 /* Release */,
			);
			defaultConfigurationIsVisible = 0;
			defaultConfigurationName = Release;
		};
/* End XCConfigurationList section */
	};
	rootObject = F05A36A21BF9DF6000E10426 /* Project object */;
}
